
Microsoft Visual Studio Solution File, Format Version 12.00
# Visual Studio Version 17
VisualStudioVersion = 17.3.32901.215
MinimumVisualStudioVersion = 10.0.40219.1
Project("{FAE04EC0-301F-11D3-BF4B-00C04F79EFBC}") = "Login Page", "Login Page\Login Page.csproj", "{DDFED676-02DC-49A1-A606-F01543C28BFC}"
EndProject
Global
	GlobalSection(SolutionConfigurationPlatforms) = preSolution
		Debug|Any CPU = Debug|Any CPU
		Release|Any CPU = Release|Any CPU
	EndGlobalSection
	GlobalSection(ProjectConfigurationPlatforms) = postSolution
		{DDFED676-02DC-49A1-A606-F01543C28BFC}.Debug|Any CPU.ActiveCfg = Debug|Any CPU
		{DDFED676-02DC-49A1-A606-F01543C28BFC}.Debug|Any CPU.Build.0 = Debug|Any CPU
		{DDFED676-02DC-49A1-A606-F01543C28BFC}.Release|Any CPU.ActiveCfg = Release|Any CPU
		{DDFED676-02DC-49A1-A606-F01543C28BFC}.Release|Any CPU.Build.0 = Release|Any CPU
	EndGlobalSection
	GlobalSection(SolutionProperties) = preSolution
		HideSolutionNode = FALSE
	EndGlobalSection
	GlobalSection(ExtensibilityGlobals) = postSolution
		SolutionGuid = {3FF5DDD2-3980-4D74-8180-D1A9369F6AB7}
	EndGlobalSection
EndGlobal
